
Microsoft Visual Studio Solution File, Format Version 12.00
# Visual Studio Version 17
VisualStudioVersion = 17.7.34221.43
MinimumVisualStudioVersion = 10.0.40219.1
Project("{FAE04EC0-301F-11D3-BF4B-00C04F79EFBC}") = "Question7", "Question7\Question7.csproj", "{3FD9E144-8BFB-4DF6-98D1-88E87DC3A303}"
EndProject
Global
	GlobalSection(SolutionConfigurationPlatforms) = preSolution
		Debug|Any CPU = Debug|Any CPU
		Release|Any CPU = Release|Any CPU
	EndGlobalSection
	GlobalSection(ProjectConfigurationPlatforms) = postSolution
		{3FD9E144-8BFB-4DF6-98D1-88E87DC3A303}.Debug|Any CPU.ActiveCfg = Debug|Any CPU
		{3FD9E144-8BFB-4DF6-98D1-88E87DC3A303}.Debug|Any CPU.Build.0 = Debug|Any CPU
		{3FD9E144-8BFB-4DF6-98D1-88E87DC3A303}.Release|Any CPU.ActiveCfg = Release|Any CPU
		{3FD9E144-8BFB-4DF6-98D1-88E87DC3A303}.Release|Any CPU.Build.0 = Release|Any CPU
	EndGlobalSection
	GlobalSection(SolutionProperties) = preSolution
		HideSolutionNode = FALSE
	EndGlobalSection
	GlobalSection(ExtensibilityGlobals) = postSolution
		SolutionGuid = {CC9EF7A0-DDA1-4CB8-866D-9E1AF2EB8029}
	EndGlobalSection
EndGlobal
